
Microsoft Visual Studio Solution File, Format Version 12.00
# Visual Studio Version 17
VisualStudioVersion = 17.11.35303.130
MinimumVisualStudioVersion = 10.0.40219.1
Project("{888888A0-9F3D-457C-B088-3A5042F75D52}") = "AI_hladanie_pokladu_z1b", "AI_hladanie_pokladu_z1b\AI_hladanie_pokladu_z1b.pyproj", "{B78623E8-675F-4E6F-B2F4-17D94AE1998D}"
EndProject
Global
	GlobalSection(SolutionConfigurationPlatforms) = preSolution
		Debug|Any CPU = Debug|Any CPU
		Release|Any CPU = Release|Any CPU
	EndGlobalSection
	GlobalSection(ProjectConfigurationPlatforms) = postSolution
		{B78623E8-675F-4E6F-B2F4-17D94AE1998D}.Debug|Any CPU.ActiveCfg = Debug|Any CPU
		{B78623E8-675F-4E6F-B2F4-17D94AE1998D}.Release|Any CPU.ActiveCfg = Release|Any CPU
	EndGlobalSection
	GlobalSection(SolutionProperties) = preSolution
		HideSolutionNode = FALSE
	EndGlobalSection
	GlobalSection(ExtensibilityGlobals) = postSolution
		SolutionGuid = {1A11DBAC-27AA-4095-8A19-E41148B1EEBE}
	EndGlobalSection
EndGlobal
